{"format_version":"1.2","terraform_version":"1.10.6","variables":{"availability_zones":{"value":["us-east-1a","us-east-1b"]},"enable_nat_gateway":{"value":"true"},"private_app_subnet_cidrs":{"value":["10.0.16.0/20","10.0.32.0/20"]},"private_data_subnet_cidrs":{"value":["10.0.4.0/24","10.0.5.0/24"]},"public_subnet_cidrs":{"value":["10.0.1.0/24","10.0.2.0/24"]},"single_nat_gateway":{"value":"false"},"tags":{"value":{}},"vpc_cidr":{"value":"10.0.0.0/16"},"vpc_name":{"value":"production"}},"planned_values":{"outputs":{"availability_zones":{"sensitive":false,"type":["list","string"],"value":["us-east-1a","us-east-1b"]},"internet_gateway_id":{"sensitive":false},"nat_gateway_ids":{"sensitive":false},"private_app_route_table_ids":{"sensitive":false},"private_app_subnet_ids":{"sensitive":false},"private_data_route_table_id":{"sensitive":false},"private_data_subnet_ids":{"sensitive":false},"public_route_table_id":{"sensitive":false},"public_subnet_ids":{"sensitive":false},"vpc_cidr":{"sensitive":false,"type":"string","value":"10.0.0.0/16"},"vpc_id":{"sensitive":false}},"root_module":{"resources":[{"address":"aws_eip.nat[0]","mode":"managed","type":"aws_eip","name":"nat","index":0,"provider_name":"registry.opentofu.org/hashicorp/aws","schema_version":0,"values":{"address":null,"associate_with_private_ip":null,"customer_owned_ipv4_pool":null,"domain":"vpc","tags":{"Name":"production-nat-eip-1"},"tags_all":{"Component":"general-networking","Environment":"production","ManagedBy":"Terragrunt","Name":"production-nat-eip-1","Region":"us-east-1","Terraform":"true"},"timeouts":null},"sensitive_values":{"tags":{},"tags_all":{}}},{"address":"aws_eip.nat[1]","mode":"managed","type":"aws_eip","name":"nat","index":1,"provider_name":"registry.opentofu.org/hashicorp/aws","schema_version":0,"values":{"address":null,"associate_with_private_ip":null,"customer_owned_ipv4_pool":null,"domain":"vpc","tags":{"Name":"production-nat-eip-2"},"tags_all":{"Component":"general-networking","Environment":"production","ManagedBy":"Terragrunt","Name":"production-nat-eip-2","Region":"us-east-1","Terraform":"true"},"timeouts":null},"sensitive_values":{"tags":{},"tags_all":{}}},{"address":"aws_internet_gateway.main","mode":"managed","type":"aws_internet_gateway","name":"main","provider_name":"registry.opentofu.org/hashicorp/aws","schema_version":0,"values":{"tags":{"Name":"production-igw"},"tags_all":{"Component":"general-networking","Environment":"production","ManagedBy":"Terragrunt","Name":"production-igw","Region":"us-east-1","Terraform":"true"},"timeouts":null},"sensitive_values":{"tags":{},"tags_all":{}}},{"address":"aws_nat_gateway.main[0]","mode":"managed","type":"aws_nat_gateway","name":"main","index":0,"provider_name":"registry.opentofu.org/hashicorp/aws","schema_version":0,"values":{"connectivity_type":"public","secondary_allocation_ids":null,"tags":{"Name":"production-nat-gw-1"},"tags_all":{"Component":"general-networking","Environment":"production","ManagedBy":"Terragrunt","Name":"production-nat-gw-1","Region":"us-east-1","Terraform":"true"},"timeouts":null},"sensitive_values":{"secondary_private_ip_addresses":[],"tags":{},"tags_all":{}}},{"address":"aws_nat_gateway.main[1]","mode":"managed","type":"aws_nat_gateway","name":"main","index":1,"provider_name":"registry.opentofu.org/hashicorp/aws","schema_version":0,"values":{"connectivity_type":"public","secondary_allocation_ids":null,"tags":{"Name":"production-nat-gw-2"},"tags_all":{"Component":"general-networking","Environment":"production","ManagedBy":"Terragrunt","Name":"production-nat-gw-2","Region":"us-east-1","Terraform":"true"},"timeouts":null},"sensitive_values":{"secondary_private_ip_addresses":[],"tags":{},"tags_all":{}}},{"address":"aws_route.private_app_nat[0]","mode":"managed","type":"aws_route","name":"private_app_nat","index":0,"provider_name":"registry.opentofu.org/hashicorp/aws","schema_version":0,"values":{"carrier_gateway_id":null,"core_network_arn":null,"destination_cidr_block":"0.0.0.0/0","destination_ipv6_cidr_block":null,"destination_prefix_list_id":null,"egress_only_gateway_id":null,"gateway_id":null,"local_gateway_id":null,"timeouts":null,"transit_gateway_id":null,"vpc_endpoint_id":null,"vpc_peering_connection_id":null},"sensitive_values":{}},{"address":"aws_route.private_app_nat[1]","mode":"managed","type":"aws_route","name":"private_app_nat","index":1,"provider_name":"registry.opentofu.org/hashicorp/aws","schema_version":0,"values":{"carrier_gateway_id":null,"core_network_arn":null,"destination_cidr_block":"0.0.0.0/0","destination_ipv6_cidr_block":null,"destination_prefix_list_id":null,"egress_only_gateway_id":null,"gateway_id":null,"local_gateway_id":null,"timeouts":null,"transit_gateway_id":null,"vpc_endpoint_id":null,"vpc_peering_connection_id":null},"sensitive_values":{}},{"address":"aws_route.private_data_nat[0]","mode":"managed","type":"aws_route","name":"private_data_nat","index":0,"provider_name":"registry.opentofu.org/hashicorp/aws","schema_version":0,"values":{"carrier_gateway_id":null,"core_network_arn":null,"destination_cidr_block":"0.0.0.0/0","destination_ipv6_cidr_block":null,"destination_prefix_list_id":null,"egress_only_gateway_id":null,"gateway_id":null,"local_gateway_id":null,"timeouts":null,"transit_gateway_id":null,"vpc_endpoint_id":null,"vpc_peering_connection_id":null},"sensitive_values":{}},{"address":"aws_route.public_internet","mode":"managed","type":"aws_route","name":"public_internet","provider_name":"registry.opentofu.org/hashicorp/aws","schema_version":0,"values":{"carrier_gateway_id":null,"core_network_arn":null,"destination_cidr_block":"0.0.0.0/0","destination_ipv6_cidr_block":null,"destination_prefix_list_id":null,"egress_only_gateway_id":null,"local_gateway_id":null,"nat_gateway_id":null,"timeouts":null,"transit_gateway_id":null,"vpc_endpoint_id":null,"vpc_peering_connection_id":null},"sensitive_values":{}},{"address":"aws_route_table.private_app[0]","mode":"managed","type":"aws_route_table","name":"private_app","index":0,"provider_name":"registry.opentofu.org/hashicorp/aws","schema_version":0,"values":{"tags":{"Name":"production-private-app-rt-us-east-1a"},"tags_all":{"Component":"general-networking","Environment":"production","ManagedBy":"Terragrunt","Name":"production-private-app-rt-us-east-1a","Region":"us-east-1","Terraform":"true"},"timeouts":null},"sensitive_values":{"propagating_vgws":[],"route":[],"tags":{},"tags_all":{}}},{"address":"aws_route_table.private_app[1]","mode":"managed","type":"aws_route_table","name":"private_app","index":1,"provider_name":"registry.opentofu.org/hashicorp/aws","schema_version":0,"values":{"tags":{"Name":"production-private-app-rt-us-east-1b"},"tags_all":{"Component":"general-networking","Environment":"production","ManagedBy":"Terragrunt","Name":"production-private-app-rt-us-east-1b","Region":"us-east-1","Terraform":"true"},"timeouts":null},"sensitive_values":{"propagating_vgws":[],"route":[],"tags":{},"tags_all":{}}},{"address":"aws_route_table.private_data","mode":"managed","type":"aws_route_table","name":"private_data","provider_name":"registry.opentofu.org/hashicorp/aws","schema_version":0,"values":{"tags":{"Name":"production-private-data-rt"},"tags_all":{"Component":"general-networking","Environment":"production","ManagedBy":"Terragrunt","Name":"production-private-data-rt","Region":"us-east-1","Terraform":"true"},"timeouts":null},"sensitive_values":{"propagating_vgws":[],"route":[],"tags":{},"tags_all":{}}},{"address":"aws_route_table.public","mode":"managed","type":"aws_route_table","name":"public","provider_name":"registry.opentofu.org/hashicorp/aws","schema_version":0,"values":{"tags":{"Name":"production-public-rt"},"tags_all":{"Component":"general-networking","Environment":"production","ManagedBy":"Terragrunt","Name":"production-public-rt","Region":"us-east-1","Terraform":"true"},"timeouts":null},"sensitive_values":{"propagating_vgws":[],"route":[],"tags":{},"tags_all":{}}},{"address":"aws_route_table_association.private_app[0]","mode":"managed","type":"aws_route_table_association","name":"private_app","index":0,"provider_name":"registry.opentofu.org/hashicorp/aws","schema_version":0,"values":{"gateway_id":null,"timeouts":null},"sensitive_values":{}},{"address":"aws_route_table_association.private_app[1]","mode":"managed","type":"aws_route_table_association","name":"private_app","index":1,"provider_name":"registry.opentofu.org/hashicorp/aws","schema_version":0,"values":{"gateway_id":null,"timeouts":null},"sensitive_values":{}},{"address":"aws_route_table_association.private_data[0]","mode":"managed","type":"aws_route_table_association","name":"private_data","index":0,"provider_name":"registry.opentofu.org/hashicorp/aws","schema_version":0,"values":{"gateway_id":null,"timeouts":null},"sensitive_values":{}},{"address":"aws_route_table_association.private_data[1]","mode":"managed","type":"aws_route_table_association","name":"private_data","index":1,"provider_name":"registry.opentofu.org/hashicorp/aws","schema_version":0,"values":{"gateway_id":null,"timeouts":null},"sensitive_values":{}},{"address":"aws_route_table_association.public[0]","mode":"managed","type":"aws_route_table_association","name":"public","index":0,"provider_name":"registry.opentofu.org/hashicorp/aws","schema_version":0,"values":{"gateway_id":null,"timeouts":null},"sensitive_values":{}},{"address":"aws_route_table_association.public[1]","mode":"managed","type":"aws_route_table_association","name":"public","index":1,"provider_name":"registry.opentofu.org/hashicorp/aws","schema_version":0,"values":{"gateway_id":null,"timeouts":null},"sensitive_values":{}},{"address":"aws_subnet.private_app[0]","mode":"managed","type":"aws_subnet","name":"private_app","index":0,"provider_name":"registry.opentofu.org/hashicorp/aws","schema_version":1,"values":{"assign_ipv6_address_on_creation":false,"availability_zone":"us-east-1a","cidr_block":"10.0.16.0/20","customer_owned_ipv4_pool":null,"enable_dns64":false,"enable_lni_at_device_index":null,"enable_resource_name_dns_a_record_on_launch":false,"enable_resource_name_dns_aaaa_record_on_launch":false,"ipv6_cidr_block":null,"ipv6_native":false,"map_customer_owned_ip_on_launch":null,"map_public_ip_on_launch":false,"outpost_arn":null,"tags":{"Name":"production-private-app-us-east-1a","Tier":"private-app"},"tags_all":{"Component":"general-networking","Environment":"production","ManagedBy":"Terragrunt","Name":"production-private-app-us-east-1a","Region":"us-east-1","Terraform":"true","Tier":"private-app"},"timeouts":null},"sensitive_values":{"tags":{},"tags_all":{}}},{"address":"aws_subnet.private_app[1]","mode":"managed","type":"aws_subnet","name":"private_app","index":1,"provider_name":"registry.opentofu.org/hashicorp/aws","schema_version":1,"values":{"assign_ipv6_address_on_creation":false,"availability_zone":"us-east-1b","cidr_block":"10.0.32.0/20","customer_owned_ipv4_pool":null,"enable_dns64":false,"enable_lni_at_device_index":null,"enable_resource_name_dns_a_record_on_launch":false,"enable_resource_name_dns_aaaa_record_on_launch":false,"ipv6_cidr_block":null,"ipv6_native":false,"map_customer_owned_ip_on_launch":null,"map_public_ip_on_launch":false,"outpost_arn":null,"tags":{"Name":"production-private-app-us-east-1b","Tier":"private-app"},"tags_all":{"Component":"general-networking","Environment":"production","ManagedBy":"Terragrunt","Name":"production-private-app-us-east-1b","Region":"us-east-1","Terraform":"true","Tier":"private-app"},"timeouts":null},"sensitive_values":{"tags":{},"tags_all":{}}},{"address":"aws_subnet.private_data[0]","mode":"managed","type":"aws_subnet","name":"private_data","index":0,"provider_name":"registry.opentofu.org/hashicorp/aws","schema_version":1,"values":{"assign_ipv6_address_on_creation":false,"availability_zone":"us-east-1a","cidr_block":"10.0.4.0/24","customer_owned_ipv4_pool":null,"enable_dns64":false,"enable_lni_at_device_index":null,"enable_resource_name_dns_a_record_on_launch":false,"enable_resource_name_dns_aaaa_record_on_launch":false,"ipv6_cidr_block":null,"ipv6_native":false,"map_customer_owned_ip_on_launch":null,"map_public_ip_on_launch":false,"outpost_arn":null,"tags":{"Name":"production-private-data-us-east-1a","Tier":"private-data"},"tags_all":{"Component":"general-networking","Environment":"production","ManagedBy":"Terragrunt","Name":"production-private-data-us-east-1a","Region":"us-east-1","Terraform":"true","Tier":"private-data"},"timeouts":null},"sensitive_values":{"tags":{},"tags_all":{}}},{"address":"aws_subnet.private_data[1]","mode":"managed","type":"aws_subnet","name":"private_data","index":1,"provider_name":"registry.opentofu.org/hashicorp/aws","schema_version":1,"values":{"assign_ipv6_address_on_creation":false,"availability_zone":"us-east-1b","cidr_block":"10.0.5.0/24","customer_owned_ipv4_pool":null,"enable_dns64":false,"enable_lni_at_device_index":null,"enable_resource_name_dns_a_record_on_launch":false,"enable_resource_name_dns_aaaa_record_on_launch":false,"ipv6_cidr_block":null,"ipv6_native":false,"map_customer_owned_ip_on_launch":null,"map_public_ip_on_launch":false,"outpost_arn":null,"tags":{"Name":"production-private-data-us-east-1b","Tier":"private-data"},"tags_all":{"Component":"general-networking","Environment":"production","ManagedBy":"Terragrunt","Name":"production-private-data-us-east-1b","Region":"us-east-1","Terraform":"true","Tier":"private-data"},"timeouts":null},"sensitive_values":{"tags":{},"tags_all":{}}},{"address":"aws_subnet.public[0]","mode":"managed","type":"aws_subnet","name":"public","index":0,"provider_name":"registry.opentofu.org/hashicorp/aws","schema_version":1,"values":{"assign_ipv6_address_on_creation":false,"availability_zone":"us-east-1a","cidr_block":"10.0.1.0/24","customer_owned_ipv4_pool":null,"enable_dns64":false,"enable_lni_at_device_index":null,"enable_resource_name_dns_a_record_on_launch":false,"enable_resource_name_dns_aaaa_record_on_launch":false,"ipv6_cidr_block":null,"ipv6_native":false,"map_customer_owned_ip_on_launch":null,"map_public_ip_on_launch":true,"outpost_arn":null,"tags":{"Name":"production-public-us-east-1a","Tier":"public"},"tags_all":{"Component":"general-networking","Environment":"production","ManagedBy":"Terragrunt","Name":"production-public-us-east-1a","Region":"us-east-1","Terraform":"true","Tier":"public"},"timeouts":null},"sensitive_values":{"tags":{},"tags_all":{}}},{"address":"aws_subnet.public[1]","mode":"managed","type":"aws_subnet","name":"public","index":1,"provider_name":"registry.opentofu.org/hashicorp/aws","schema_version":1,"values":{"assign_ipv6_address_on_creation":false,"availability_zone":"us-east-1b","cidr_block":"10.0.2.0/24","customer_owned_ipv4_pool":null,"enable_dns64":false,"enable_lni_at_device_index":null,"enable_resource_name_dns_a_record_on_launch":false,"enable_resource_name_dns_aaaa_record_on_launch":false,"ipv6_cidr_block":null,"ipv6_native":false,"map_customer_owned_ip_on_launch":null,"map_public_ip_on_launch":true,"outpost_arn":null,"tags":{"Name":"production-public-us-east-1b","Tier":"public"},"tags_all":{"Component":"general-networking","Environment":"production","ManagedBy":"Terragrunt","Name":"production-public-us-east-1b","Region":"us-east-1","Terraform":"true","Tier":"public"},"timeouts":null},"sensitive_values":{"tags":{},"tags_all":{}}},{"address":"aws_vpc.main","mode":"managed","type":"aws_vpc","name":"main","provider_name":"registry.opentofu.org/hashicorp/aws","schema_version":1,"values":{"assign_generated_ipv6_cidr_block":null,"cidr_block":"10.0.0.0/16","enable_dns_hostnames":true,"enable_dns_support":true,"instance_tenancy":"default","ipv4_ipam_pool_id":null,"ipv4_netmask_length":null,"ipv6_ipam_pool_id":null,"ipv6_netmask_length":null,"tags":{"Name":"production-vpc"},"tags_all":{"Component":"general-networking","Environment":"production","ManagedBy":"Terragrunt","Name":"production-vpc","Region":"us-east-1","Terraform":"true"}},"sensitive_values":{"tags":{},"tags_all":{}}}]}},"resource_changes":[{"address":"aws_eip.nat[0]","mode":"managed","type":"aws_eip","name":"nat","index":0,"provider_name":"registry.opentofu.org/hashicorp/aws","change":{"actions":["create"],"before":null,"after":{"address":null,"associate_with_private_ip":null,"customer_owned_ipv4_pool":null,"domain":"vpc","tags":{"Name":"production-nat-eip-1"},"tags_all":{"Component":"general-networking","Environment":"production","ManagedBy":"Terragrunt","Name":"production-nat-eip-1","Region":"us-east-1","Terraform":"true"},"timeouts":null},"after_unknown":{"allocation_id":true,"arn":true,"association_id":true,"carrier_ip":true,"customer_owned_ip":true,"id":true,"instance":true,"ipam_pool_id":true,"network_border_group":true,"network_interface":true,"private_dns":true,"private_ip":true,"ptr_record":true,"public_dns":true,"public_ip":true,"public_ipv4_pool":true,"tags":{},"tags_all":{},"vpc":true},"before_sensitive":false,"after_sensitive":{"tags":{},"tags_all":{}}}},{"address":"aws_eip.nat[1]","mode":"managed","type":"aws_eip","name":"nat","index":1,"provider_name":"registry.opentofu.org/hashicorp/aws","change":{"actions":["create"],"before":null,"after":{"address":null,"associate_with_private_ip":null,"customer_owned_ipv4_pool":null,"domain":"vpc","tags":{"Name":"production-nat-eip-2"},"tags_all":{"Component":"general-networking","Environment":"production","ManagedBy":"Terragrunt","Name":"production-nat-eip-2","Region":"us-east-1","Terraform":"true"},"timeouts":null},"after_unknown":{"allocation_id":true,"arn":true,"association_id":true,"carrier_ip":true,"customer_owned_ip":true,"id":true,"instance":true,"ipam_pool_id":true,"network_border_group":true,"network_interface":true,"private_dns":true,"private_ip":true,"ptr_record":true,"public_dns":true,"public_ip":true,"public_ipv4_pool":true,"tags":{},"tags_all":{},"vpc":true},"before_sensitive":false,"after_sensitive":{"tags":{},"tags_all":{}}}},{"address":"aws_internet_gateway.main","mode":"managed","type":"aws_internet_gateway","name":"main","provider_name":"registry.opentofu.org/hashicorp/aws","change":{"actions":["create"],"before":null,"after":{"tags":{"Name":"production-igw"},"tags_all":{"Component":"general-networking","Environment":"production","ManagedBy":"Terragrunt","Name":"production-igw","Region":"us-east-1","Terraform":"true"},"timeouts":null},"after_unknown":{"arn":true,"id":true,"owner_id":true,"tags":{},"tags_all":{},"vpc_id":true},"before_sensitive":false,"after_sensitive":{"tags":{},"tags_all":{}}}},{"address":"aws_nat_gateway.main[0]","mode":"managed","type":"aws_nat_gateway","name":"main","index":0,"provider_name":"registry.opentofu.org/hashicorp/aws","change":{"actions":["create"],"before":null,"after":{"connectivity_type":"public","secondary_allocation_ids":null,"tags":{"Name":"production-nat-gw-1"},"tags_all":{"Component":"general-networking","Environment":"production","ManagedBy":"Terragrunt","Name":"production-nat-gw-1","Region":"us-east-1","Terraform":"true"},"timeouts":null},"after_unknown":{"allocation_id":true,"association_id":true,"id":true,"network_interface_id":true,"private_ip":true,"public_ip":true,"secondary_private_ip_address_count":true,"secondary_private_ip_addresses":true,"subnet_id":true,"tags":{},"tags_all":{}},"before_sensitive":false,"after_sensitive":{"secondary_private_ip_addresses":[],"tags":{},"tags_all":{}}}},{"address":"aws_nat_gateway.main[1]","mode":"managed","type":"aws_nat_gateway","name":"main","index":1,"provider_name":"registry.opentofu.org/hashicorp/aws","change":{"actions":["create"],"before":null,"after":{"connectivity_type":"public","secondary_allocation_ids":null,"tags":{"Name":"production-nat-gw-2"},"tags_all":{"Component":"general-networking","Environment":"production","ManagedBy":"Terragrunt","Name":"production-nat-gw-2","Region":"us-east-1","Terraform":"true"},"timeouts":null},"after_unknown":{"allocation_id":true,"association_id":true,"id":true,"network_interface_id":true,"private_ip":true,"public_ip":true,"secondary_private_ip_address_count":true,"secondary_private_ip_addresses":true,"subnet_id":true,"tags":{},"tags_all":{}},"before_sensitive":false,"after_sensitive":{"secondary_private_ip_addresses":[],"tags":{},"tags_all":{}}}},{"address":"aws_route.private_app_nat[0]","mode":"managed","type":"aws_route","name":"private_app_nat","index":0,"provider_name":"registry.opentofu.org/hashicorp/aws","change":{"actions":["create"],"before":null,"after":{"carrier_gateway_id":null,"core_network_arn":null,"destination_cidr_block":"0.0.0.0/0","destination_ipv6_cidr_block":null,"destination_prefix_list_id":null,"egress_only_gateway_id":null,"gateway_id":null,"local_gateway_id":null,"timeouts":null,"transit_gateway_id":null,"vpc_endpoint_id":null,"vpc_peering_connection_id":null},"after_unknown":{"id":true,"instance_id":true,"instance_owner_id":true,"nat_gateway_id":true,"network_interface_id":true,"origin":true,"route_table_id":true,"state":true},"before_sensitive":false,"after_sensitive":{}}},{"address":"aws_route.private_app_nat[1]","mode":"managed","type":"aws_route","name":"private_app_nat","index":1,"provider_name":"registry.opentofu.org/hashicorp/aws","change":{"actions":["create"],"before":null,"after":{"carrier_gateway_id":null,"core_network_arn":null,"destination_cidr_block":"0.0.0.0/0","destination_ipv6_cidr_block":null,"destination_prefix_list_id":null,"egress_only_gateway_id":null,"gateway_id":null,"local_gateway_id":null,"timeouts":null,"transit_gateway_id":null,"vpc_endpoint_id":null,"vpc_peering_connection_id":null},"after_unknown":{"id":true,"instance_id":true,"instance_owner_id":true,"nat_gateway_id":true,"network_interface_id":true,"origin":true,"route_table_id":true,"state":true},"before_sensitive":false,"after_sensitive":{}}},{"address":"aws_route.private_data_nat[0]","mode":"managed","type":"aws_route","name":"private_data_nat","index":0,"provider_name":"registry.opentofu.org/hashicorp/aws","change":{"actions":["create"],"before":null,"after":{"carrier_gateway_id":null,"core_network_arn":null,"destination_cidr_block":"0.0.0.0/0","destination_ipv6_cidr_block":null,"destination_prefix_list_id":null,"egress_only_gateway_id":null,"gateway_id":null,"local_gateway_id":null,"timeouts":null,"transit_gateway_id":null,"vpc_endpoint_id":null,"vpc_peering_connection_id":null},"after_unknown":{"id":true,"instance_id":true,"instance_owner_id":true,"nat_gateway_id":true,"network_interface_id":true,"origin":true,"route_table_id":true,"state":true},"before_sensitive":false,"after_sensitive":{}}},{"address":"aws_route.public_internet","mode":"managed","type":"aws_route","name":"public_internet","provider_name":"registry.opentofu.org/hashicorp/aws","change":{"actions":["create"],"before":null,"after":{"carrier_gateway_id":null,"core_network_arn":null,"destination_cidr_block":"0.0.0.0/0","destination_ipv6_cidr_block":null,"destination_prefix_list_id":null,"egress_only_gateway_id":null,"local_gateway_id":null,"nat_gateway_id":null,"timeouts":null,"transit_gateway_id":null,"vpc_endpoint_id":null,"vpc_peering_connection_id":null},"after_unknown":{"gateway_id":true,"id":true,"instance_id":true,"instance_owner_id":true,"network_interface_id":true,"origin":true,"route_table_id":true,"state":true},"before_sensitive":false,"after_sensitive":{}}},{"address":"aws_route_table.private_app[0]","mode":"managed","type":"aws_route_table","name":"private_app","index":0,"provider_name":"registry.opentofu.org/hashicorp/aws","change":{"actions":["create"],"before":null,"after":{"tags":{"Name":"production-private-app-rt-us-east-1a"},"tags_all":{"Component":"general-networking","Environment":"production","ManagedBy":"Terragrunt","Name":"production-private-app-rt-us-east-1a","Region":"us-east-1","Terraform":"true"},"timeouts":null},"after_unknown":{"arn":true,"id":true,"owner_id":true,"propagating_vgws":true,"route":true,"tags":{},"tags_all":{},"vpc_id":true},"before_sensitive":false,"after_sensitive":{"propagating_vgws":[],"route":[],"tags":{},"tags_all":{}}}},{"address":"aws_route_table.private_app[1]","mode":"managed","type":"aws_route_table","name":"private_app","index":1,"provider_name":"registry.opentofu.org/hashicorp/aws","change":{"actions":["create"],"before":null,"after":{"tags":{"Name":"production-private-app-rt-us-east-1b"},"tags_all":{"Component":"general-networking","Environment":"production","ManagedBy":"Terragrunt","Name":"production-private-app-rt-us-east-1b","Region":"us-east-1","Terraform":"true"},"timeouts":null},"after_unknown":{"arn":true,"id":true,"owner_id":true,"propagating_vgws":true,"route":true,"tags":{},"tags_all":{},"vpc_id":true},"before_sensitive":false,"after_sensitive":{"propagating_vgws":[],"route":[],"tags":{},"tags_all":{}}}},{"address":"aws_route_table.private_data","mode":"managed","type":"aws_route_table","name":"private_data","provider_name":"registry.opentofu.org/hashicorp/aws","change":{"actions":["create"],"before":null,"after":{"tags":{"Name":"production-private-data-rt"},"tags_all":{"Component":"general-networking","Environment":"production","ManagedBy":"Terragrunt","Name":"production-private-data-rt","Region":"us-east-1","Terraform":"true"},"timeouts":null},"after_unknown":{"arn":true,"id":true,"owner_id":true,"propagating_vgws":true,"route":true,"tags":{},"tags_all":{},"vpc_id":true},"before_sensitive":false,"after_sensitive":{"propagating_vgws":[],"route":[],"tags":{},"tags_all":{}}}},{"address":"aws_route_table.public","mode":"managed","type":"aws_route_table","name":"public","provider_name":"registry.opentofu.org/hashicorp/aws","change":{"actions":["create"],"before":null,"after":{"tags":{"Name":"production-public-rt"},"tags_all":{"Component":"general-networking","Environment":"production","ManagedBy":"Terragrunt","Name":"production-public-rt","Region":"us-east-1","Terraform":"true"},"timeouts":null},"after_unknown":{"arn":true,"id":true,"owner_id":true,"propagating_vgws":true,"route":true,"tags":{},"tags_all":{},"vpc_id":true},"before_sensitive":false,"after_sensitive":{"propagating_vgws":[],"route":[],"tags":{},"tags_all":{}}}},{"address":"aws_route_table_association.private_app[0]","mode":"managed","type":"aws_route_table_association","name":"private_app","index":0,"provider_name":"registry.opentofu.org/hashicorp/aws","change":{"actions":["create"],"before":null,"after":{"gateway_id":null,"timeouts":null},"after_unknown":{"id":true,"route_table_id":true,"subnet_id":true},"before_sensitive":false,"after_sensitive":{}}},{"address":"aws_route_table_association.private_app[1]","mode":"managed","type":"aws_route_table_association","name":"private_app","index":1,"provider_name":"registry.opentofu.org/hashicorp/aws","change":{"actions":["create"],"before":null,"after":{"gateway_id":null,"timeouts":null},"after_unknown":{"id":true,"route_table_id":true,"subnet_id":true},"before_sensitive":false,"after_sensitive":{}}},{"address":"aws_route_table_association.private_data[0]","mode":"managed","type":"aws_route_table_association","name":"private_data","index":0,"provider_name":"registry.opentofu.org/hashicorp/aws","change":{"actions":["create"],"before":null,"after":{"gateway_id":null,"timeouts":null},"after_unknown":{"id":true,"route_table_id":true,"subnet_id":true},"before_sensitive":false,"after_sensitive":{}}},{"address":"aws_route_table_association.private_data[1]","mode":"managed","type":"aws_route_table_association","name":"private_data","index":1,"provider_name":"registry.opentofu.org/hashicorp/aws","change":{"actions":["create"],"before":null,"after":{"gateway_id":null,"timeouts":null},"after_unknown":{"id":true,"route_table_id":true,"subnet_id":true},"before_sensitive":false,"after_sensitive":{}}},{"address":"aws_route_table_association.public[0]","mode":"managed","type":"aws_route_table_association","name":"public","index":0,"provider_name":"registry.opentofu.org/hashicorp/aws","change":{"actions":["create"],"before":null,"after":{"gateway_id":null,"timeouts":null},"after_unknown":{"id":true,"route_table_id":true,"subnet_id":true},"before_sensitive":false,"after_sensitive":{}}},{"address":"aws_route_table_association.public[1]","mode":"managed","type":"aws_route_table_association","name":"public","index":1,"provider_name":"registry.opentofu.org/hashicorp/aws","change":{"actions":["create"],"before":null,"after":{"gateway_id":null,"timeouts":null},"after_unknown":{"id":true,"route_table_id":true,"subnet_id":true},"before_sensitive":false,"after_sensitive":{}}},{"address":"aws_subnet.private_app[0]","mode":"managed","type":"aws_subnet","name":"private_app","index":0,"provider_name":"registry.opentofu.org/hashicorp/aws","change":{"actions":["create"],"before":null,"after":{"assign_ipv6_address_on_creation":false,"availability_zone":"us-east-1a","cidr_block":"10.0.16.0/20","customer_owned_ipv4_pool":null,"enable_dns64":false,"enable_lni_at_device_index":null,"enable_resource_name_dns_a_record_on_launch":false,"enable_resource_name_dns_aaaa_record_on_launch":false,"ipv6_cidr_block":null,"ipv6_native":false,"map_customer_owned_ip_on_launch":null,"map_public_ip_on_launch":false,"outpost_arn":null,"tags":{"Name":"production-private-app-us-east-1a","Tier":"private-app"},"tags_all":{"Component":"general-networking","Environment":"production","ManagedBy":"Terragrunt","Name":"production-private-app-us-east-1a","Region":"us-east-1","Terraform":"true","Tier":"private-app"},"timeouts":null},"after_unknown":{"arn":true,"availability_zone_id":true,"id":true,"ipv6_cidr_block_association_id":true,"owner_id":true,"private_dns_hostname_type_on_launch":true,"tags":{},"tags_all":{},"vpc_id":true},"before_sensitive":false,"after_sensitive":{"tags":{},"tags_all":{}}}},{"address":"aws_subnet.private_app[1]","mode":"managed","type":"aws_subnet","name":"private_app","index":1,"provider_name":"registry.opentofu.org/hashicorp/aws","change":{"actions":["create"],"before":null,"after":{"assign_ipv6_address_on_creation":false,"availability_zone":"us-east-1b","cidr_block":"10.0.32.0/20","customer_owned_ipv4_pool":null,"enable_dns64":false,"enable_lni_at_device_index":null,"enable_resource_name_dns_a_record_on_launch":false,"enable_resource_name_dns_aaaa_record_on_launch":false,"ipv6_cidr_block":null,"ipv6_native":false,"map_customer_owned_ip_on_launch":null,"map_public_ip_on_launch":false,"outpost_arn":null,"tags":{"Name":"production-private-app-us-east-1b","Tier":"private-app"},"tags_all":{"Component":"general-networking","Environment":"production","ManagedBy":"Terragrunt","Name":"production-private-app-us-east-1b","Region":"us-east-1","Terraform":"true","Tier":"private-app"},"timeouts":null},"after_unknown":{"arn":true,"availability_zone_id":true,"id":true,"ipv6_cidr_block_association_id":true,"owner_id":true,"private_dns_hostname_type_on_launch":true,"tags":{},"tags_all":{},"vpc_id":true},"before_sensitive":false,"after_sensitive":{"tags":{},"tags_all":{}}}},{"address":"aws_subnet.private_data[0]","mode":"managed","type":"aws_subnet","name":"private_data","index":0,"provider_name":"registry.opentofu.org/hashicorp/aws","change":{"actions":["create"],"before":null,"after":{"assign_ipv6_address_on_creation":false,"availability_zone":"us-east-1a","cidr_block":"10.0.4.0/24","customer_owned_ipv4_pool":null,"enable_dns64":false,"enable_lni_at_device_index":null,"enable_resource_name_dns_a_record_on_launch":false,"enable_resource_name_dns_aaaa_record_on_launch":false,"ipv6_cidr_block":null,"ipv6_native":false,"map_customer_owned_ip_on_launch":null,"map_public_ip_on_launch":false,"outpost_arn":null,"tags":{"Name":"production-private-data-us-east-1a","Tier":"private-data"},"tags_all":{"Component":"general-networking","Environment":"production","ManagedBy":"Terragrunt","Name":"production-private-data-us-east-1a","Region":"us-east-1","Terraform":"true","Tier":"private-data"},"timeouts":null},"after_unknown":{"arn":true,"availability_zone_id":true,"id":true,"ipv6_cidr_block_association_id":true,"owner_id":true,"private_dns_hostname_type_on_launch":true,"tags":{},"tags_all":{},"vpc_id":true},"before_sensitive":false,"after_sensitive":{"tags":{},"tags_all":{}}}},{"address":"aws_subnet.private_data[1]","mode":"managed","type":"aws_subnet","name":"private_data","index":1,"provider_name":"registry.opentofu.org/hashicorp/aws","change":{"actions":["create"],"before":null,"after":{"assign_ipv6_address_on_creation":false,"availability_zone":"us-east-1b","cidr_block":"10.0.5.0/24","customer_owned_ipv4_pool":null,"enable_dns64":false,"enable_lni_at_device_index":null,"enable_resource_name_dns_a_record_on_launch":false,"enable_resource_name_dns_aaaa_record_on_launch":false,"ipv6_cidr_block":null,"ipv6_native":false,"map_customer_owned_ip_on_launch":null,"map_public_ip_on_launch":false,"outpost_arn":null,"tags":{"Name":"production-private-data-us-east-1b","Tier":"private-data"},"tags_all":{"Component":"general-networking","Environment":"production","ManagedBy":"Terragrunt","Name":"production-private-data-us-east-1b","Region":"us-east-1","Terraform":"true","Tier":"private-data"},"timeouts":null},"after_unknown":{"arn":true,"availability_zone_id":true,"id":true,"ipv6_cidr_block_association_id":true,"owner_id":true,"private_dns_hostname_type_on_launch":true,"tags":{},"tags_all":{},"vpc_id":true},"before_sensitive":false,"after_sensitive":{"tags":{},"tags_all":{}}}},{"address":"aws_subnet.public[0]","mode":"managed","type":"aws_subnet","name":"public","index":0,"provider_name":"registry.opentofu.org/hashicorp/aws","change":{"actions":["create"],"before":null,"after":{"assign_ipv6_address_on_creation":false,"availability_zone":"us-east-1a","cidr_block":"10.0.1.0/24","customer_owned_ipv4_pool":null,"enable_dns64":false,"enable_lni_at_device_index":null,"enable_resource_name_dns_a_record_on_launch":false,"enable_resource_name_dns_aaaa_record_on_launch":false,"ipv6_cidr_block":null,"ipv6_native":false,"map_customer_owned_ip_on_launch":null,"map_public_ip_on_launch":true,"outpost_arn":null,"tags":{"Name":"production-public-us-east-1a","Tier":"public"},"tags_all":{"Component":"general-networking","Environment":"production","ManagedBy":"Terragrunt","Name":"production-public-us-east-1a","Region":"us-east-1","Terraform":"true","Tier":"public"},"timeouts":null},"after_unknown":{"arn":true,"availability_zone_id":true,"id":true,"ipv6_cidr_block_association_id":true,"owner_id":true,"private_dns_hostname_type_on_launch":true,"tags":{},"tags_all":{},"vpc_id":true},"before_sensitive":false,"after_sensitive":{"tags":{},"tags_all":{}}}},{"address":"aws_subnet.public[1]","mode":"managed","type":"aws_subnet","name":"public","index":1,"provider_name":"registry.opentofu.org/hashicorp/aws","change":{"actions":["create"],"before":null,"after":{"assign_ipv6_address_on_creation":false,"availability_zone":"us-east-1b","cidr_block":"10.0.2.0/24","customer_owned_ipv4_pool":null,"enable_dns64":false,"enable_lni_at_device_index":null,"enable_resource_name_dns_a_record_on_launch":false,"enable_resource_name_dns_aaaa_record_on_launch":false,"ipv6_cidr_block":null,"ipv6_native":false,"map_customer_owned_ip_on_launch":null,"map_public_ip_on_launch":true,"outpost_arn":null,"tags":{"Name":"production-public-us-east-1b","Tier":"public"},"tags_all":{"Component":"general-networking","Environment":"production","ManagedBy":"Terragrunt","Name":"production-public-us-east-1b","Region":"us-east-1","Terraform":"true","Tier":"public"},"timeouts":null},"after_unknown":{"arn":true,"availability_zone_id":true,"id":true,"ipv6_cidr_block_association_id":true,"owner_id":true,"private_dns_hostname_type_on_launch":true,"tags":{},"tags_all":{},"vpc_id":true},"before_sensitive":false,"after_sensitive":{"tags":{},"tags_all":{}}}},{"address":"aws_vpc.main","mode":"managed","type":"aws_vpc","name":"main","provider_name":"registry.opentofu.org/hashicorp/aws","change":{"actions":["create"],"before":null,"after":{"assign_generated_ipv6_cidr_block":null,"cidr_block":"10.0.0.0/16","enable_dns_hostnames":true,"enable_dns_support":true,"instance_tenancy":"default","ipv4_ipam_pool_id":null,"ipv4_netmask_length":null,"ipv6_ipam_pool_id":null,"ipv6_netmask_length":null,"tags":{"Name":"production-vpc"},"tags_all":{"Component":"general-networking","Environment":"production","ManagedBy":"Terragrunt","Name":"production-vpc","Region":"us-east-1","Terraform":"true"}},"after_unknown":{"arn":true,"default_network_acl_id":true,"default_route_table_id":true,"default_security_group_id":true,"dhcp_options_id":true,"enable_network_address_usage_metrics":true,"id":true,"ipv6_association_id":true,"ipv6_cidr_block":true,"ipv6_cidr_block_network_border_group":true,"main_route_table_id":true,"owner_id":true,"tags":{},"tags_all":{}},"before_sensitive":false,"after_sensitive":{"tags":{},"tags_all":{}}}}],"output_changes":{"availability_zones":{"actions":["create"],"before":null,"after":["us-east-1a","us-east-1b"],"after_unknown":false,"before_sensitive":false,"after_sensitive":false},"internet_gateway_id":{"actions":["create"],"before":null,"after_unknown":true,"before_sensitive":false,"after_sensitive":false},"nat_gateway_ids":{"actions":["create"],"before":null,"after":[null,null],"after_unknown":[true,true],"before_sensitive":false,"after_sensitive":false},"private_app_route_table_ids":{"actions":["create"],"before":null,"after":[null,null],"after_unknown":[true,true],"before_sensitive":false,"after_sensitive":false},"private_app_subnet_ids":{"actions":["create"],"before":null,"after":[null,null],"after_unknown":[true,true],"before_sensitive":false,"after_sensitive":false},"private_data_route_table_id":{"actions":["create"],"before":null,"after_unknown":true,"before_sensitive":false,"after_sensitive":false},"private_data_subnet_ids":{"actions":["create"],"before":null,"after":[null,null],"after_unknown":[true,true],"before_sensitive":false,"after_sensitive":false},"public_route_table_id":{"actions":["create"],"before":null,"after_unknown":true,"before_sensitive":false,"after_sensitive":false},"public_subnet_ids":{"actions":["create"],"before":null,"after":[null,null],"after_unknown":[true,true],"before_sensitive":false,"after_sensitive":false},"vpc_cidr":{"actions":["create"],"before":null,"after":"10.0.0.0/16","after_unknown":false,"before_sensitive":false,"after_sensitive":false},"vpc_id":{"actions":["create"],"before":null,"after_unknown":true,"before_sensitive":false,"after_sensitive":false}},"prior_state":{"format_version":"1.0","terraform_version":"1.10.6","values":{"outputs":{"availability_zones":{"sensitive":false,"value":["us-east-1a","us-east-1b"],"type":["list","string"]},"vpc_cidr":{"sensitive":false,"value":"10.0.0.0/16","type":"string"}},"root_module":{}}},"configuration":{"provider_config":{"aws":{"name":"aws","full_name":"registry.opentofu.org/hashicorp/aws","version_constraint":"~\u003e 5.0","expressions":{"default_tags":[{"tags":{"constant_value":{"Component":"general-networking","Environment":"production","ManagedBy":"Terragrunt","Region":"us-east-1","Terraform":"true"}}}],"region":{"constant_value":"us-east-1"}}}},"root_module":{"outputs":{"availability_zones":{"expression":{"references":["var.availability_zones"]},"description":"List of availability zones used"},"internet_gateway_id":{"expression":{"references":["aws_internet_gateway.main.id","aws_internet_gateway.main"]},"description":"ID of the Internet Gateway"},"nat_gateway_ids":{"expression":{"references":["var.enable_nat_gateway","aws_nat_gateway.main"]},"description":"List of NAT Gateway IDs"},"private_app_route_table_ids":{"expression":{"references":["aws_route_table.private_app"]},"description":"List of private app route table IDs"},"private_app_subnet_ids":{"expression":{"references":["aws_subnet.private_app"]},"description":"List of private application tier subnet IDs"},"private_data_route_table_id":{"expression":{"references":["aws_route_table.private_data.id","aws_route_table.private_data"]},"description":"ID of the private data route table"},"private_data_subnet_ids":{"expression":{"references":["aws_subnet.private_data"]},"description":"List of private data tier subnet IDs"},"public_route_table_id":{"expression":{"references":["aws_route_table.public.id","aws_route_table.public"]},"description":"ID of the public route table"},"public_subnet_ids":{"expression":{"references":["aws_subnet.public"]},"description":"List of public subnet IDs"},"vpc_cidr":{"expression":{"references":["aws_vpc.main.cidr_block","aws_vpc.main"]},"description":"CIDR block of the VPC"},"vpc_id":{"expression":{"references":["aws_vpc.main.id","aws_vpc.main"]},"description":"ID of the VPC"}},"resources":[{"address":"aws_eip.nat","mode":"managed","type":"aws_eip","name":"nat","provider_config_key":"aws","expressions":{"domain":{"constant_value":"vpc"},"tags":{"references":["var.tags","var.vpc_name","count.index"]}},"schema_version":0,"count_expression":{"references":["var.availability_zones"]}},{"address":"aws_internet_gateway.main","mode":"managed","type":"aws_internet_gateway","name":"main","provider_config_key":"aws","expressions":{"tags":{"references":["var.tags","var.vpc_name"]},"vpc_id":{"references":["aws_vpc.main.id","aws_vpc.main"]}},"schema_version":0},{"address":"aws_nat_gateway.main","mode":"managed","type":"aws_nat_gateway","name":"main","provider_config_key":"aws","expressions":{"allocation_id":{"references":["aws_eip.nat","count.index"]},"subnet_id":{"references":["aws_subnet.public","count.index"]},"tags":{"references":["var.tags","var.vpc_name","count.index"]}},"schema_version":0,"count_expression":{"references":["var.availability_zones"]},"depends_on":["aws_internet_gateway.main"]},{"address":"aws_route.private_app_nat","mode":"managed","type":"aws_route","name":"private_app_nat","provider_config_key":"aws","expressions":{"destination_cidr_block":{"constant_value":"0.0.0.0/0"},"nat_gateway_id":{"references":["aws_nat_gateway.main","count.index"]},"route_table_id":{"references":["aws_route_table.private_app","count.index"]}},"schema_version":0,"count_expression":{"references":["var.availability_zones"]}},{"address":"aws_route.private_data_nat","mode":"managed","type":"aws_route","name":"private_data_nat","provider_config_key":"aws","expressions":{"destination_cidr_block":{"constant_value":"0.0.0.0/0"},"nat_gateway_id":{"references":["aws_nat_gateway.main[0].id","aws_nat_gateway.main[0]","aws_nat_gateway.main"]},"route_table_id":{"references":["aws_route_table.private_data.id","aws_route_table.private_data"]}},"schema_version":0,"count_expression":{"constant_value":1}},{"address":"aws_route.public_internet","mode":"managed","type":"aws_route","name":"public_internet","provider_config_key":"aws","expressions":{"destination_cidr_block":{"constant_value":"0.0.0.0/0"},"gateway_id":{"references":["aws_internet_gateway.main.id","aws_internet_gateway.main"]},"route_table_id":{"references":["aws_route_table.public.id","aws_route_table.public"]}},"schema_version":0},{"address":"aws_route_table.private_app","mode":"managed","type":"aws_route_table","name":"private_app","provider_config_key":"aws","expressions":{"tags":{"references":["var.tags","var.vpc_name","var.availability_zones","count.index"]},"vpc_id":{"references":["aws_vpc.main.id","aws_vpc.main"]}},"schema_version":0,"count_expression":{"references":["var.availability_zones"]}},{"address":"aws_route_table.private_data","mode":"managed","type":"aws_route_table","name":"private_data","provider_config_key":"aws","expressions":{"tags":{"references":["var.tags","var.vpc_name"]},"vpc_id":{"references":["aws_vpc.main.id","aws_vpc.main"]}},"schema_version":0},{"address":"aws_route_table.public","mode":"managed","type":"aws_route_table","name":"public","provider_config_key":"aws","expressions":{"tags":{"references":["var.tags","var.vpc_name"]},"vpc_id":{"references":["aws_vpc.main.id","aws_vpc.main"]}},"schema_version":0},{"address":"aws_route_table_association.private_app","mode":"managed","type":"aws_route_table_association","name":"private_app","provider_config_key":"aws","expressions":{"route_table_id":{"references":["aws_route_table.private_app","count.index"]},"subnet_id":{"references":["aws_subnet.private_app","count.index"]}},"schema_version":0,"count_expression":{"references":["var.availability_zones"]}},{"address":"aws_route_table_association.private_data","mode":"managed","type":"aws_route_table_association","name":"private_data","provider_config_key":"aws","expressions":{"route_table_id":{"references":["aws_route_table.private_data.id","aws_route_table.private_data"]},"subnet_id":{"references":["aws_subnet.private_data","count.index"]}},"schema_version":0,"count_expression":{"references":["var.availability_zones"]}},{"address":"aws_route_table_association.public","mode":"managed","type":"aws_route_table_association","name":"public","provider_config_key":"aws","expressions":{"route_table_id":{"references":["aws_route_table.public.id","aws_route_table.public"]},"subnet_id":{"references":["aws_subnet.public","count.index"]}},"schema_version":0,"count_expression":{"references":["var.availability_zones"]}},{"address":"aws_subnet.private_app","mode":"managed","type":"aws_subnet","name":"private_app","provider_config_key":"aws","expressions":{"availability_zone":{"references":["var.availability_zones","count.index"]},"cidr_block":{"references":["var.private_app_subnet_cidrs","count.index"]},"tags":{"references":["var.tags","var.vpc_name","var.availability_zones","count.index"]},"vpc_id":{"references":["aws_vpc.main.id","aws_vpc.main"]}},"schema_version":1,"count_expression":{"references":["var.availability_zones"]}},{"address":"aws_subnet.private_data","mode":"managed","type":"aws_subnet","name":"private_data","provider_config_key":"aws","expressions":{"availability_zone":{"references":["var.availability_zones","count.index"]},"cidr_block":{"references":["var.private_data_subnet_cidrs","count.index"]},"tags":{"references":["var.tags","var.vpc_name","var.availability_zones","count.index"]},"vpc_id":{"references":["aws_vpc.main.id","aws_vpc.main"]}},"schema_version":1,"count_expression":{"references":["var.availability_zones"]}},{"address":"aws_subnet.public","mode":"managed","type":"aws_subnet","name":"public","provider_config_key":"aws","expressions":{"availability_zone":{"references":["var.availability_zones","count.index"]},"cidr_block":{"references":["var.public_subnet_cidrs","count.index"]},"map_public_ip_on_launch":{"constant_value":true},"tags":{"references":["var.tags","var.vpc_name","var.availability_zones","count.index"]},"vpc_id":{"references":["aws_vpc.main.id","aws_vpc.main"]}},"schema_version":1,"count_expression":{"references":["var.availability_zones"]}},{"address":"aws_vpc.main","mode":"managed","type":"aws_vpc","name":"main","provider_config_key":"aws","expressions":{"cidr_block":{"references":["var.vpc_cidr"]},"enable_dns_hostnames":{"constant_value":true},"enable_dns_support":{"constant_value":true},"tags":{"references":["var.tags","var.vpc_name"]}},"schema_version":1}],"variables":{"availability_zones":{"default":["us-east-1a","us-east-1b","us-east-1c"],"description":"List of availability zones"},"enable_nat_gateway":{"default":true,"description":"Enable NAT Gateway for private subnets"},"private_app_subnet_cidrs":{"description":"CIDR blocks for private application tier subnets"},"private_data_subnet_cidrs":{"description":"CIDR blocks for private data tier subnets"},"public_subnet_cidrs":{"description":"CIDR blocks for public subnets"},"single_nat_gateway":{"default":false,"description":"Use a single NAT Gateway instead of one per AZ (cost optimization vs HA)"},"tags":{"default":{},"description":"Tags to apply to all resources"},"vpc_cidr":{"description":"CIDR block for VPC"},"vpc_name":{"description":"Name of the VPC"}}}},"relevant_attributes":[{"resource":"aws_eip.nat","attribute":[]},{"resource":"aws_internet_gateway.main","attribute":["id"]},{"resource":"aws_nat_gateway.main","attribute":[]},{"resource":"aws_nat_gateway.main[0]","attribute":["id"]},{"resource":"aws_route_table.private_app","attribute":[]},{"resource":"aws_route_table.private_data","attribute":["id"]},{"resource":"aws_route_table.public","attribute":["id"]},{"resource":"aws_subnet.private_app","attribute":[]},{"resource":"aws_subnet.private_data","attribute":[]},{"resource":"aws_subnet.public","attribute":[]},{"resource":"aws_vpc.main","attribute":["cidr_block"]},{"resource":"aws_vpc.main","attribute":["id"]}],"timestamp":"2025-10-25T08:52:10Z","errored":false}
